PackratFormat: 1.4
PackratVersion: 0.5.0.25
RVersion: 3.6.2
Repos: CRAN=https://cran.rstudio.com/

Package: BH
Source: CRAN
Version: 1.69.0-1
Hash: 15f597ed227897f4f793b6161260f4b9

Package: DT
Source: CRAN
Version: 0.10
Hash: fc72eb88d7b291d56f9c7eac8ab6e94a
Requires: crosstalk, htmltools, htmlwidgets, jsonlite, magrittr,
    promises

Package: MatrixModels
Source: CRAN
Version: 0.4-1
Hash: 60a5c75e57aae4a0ce76cb7422939aaf

Package: R6
Source: CRAN
Version: 2.4.0
Hash: 948a547c484e5bea15eee76cc53cce3f

Package: RColorBrewer
Source: CRAN
Version: 1.1-2
Hash: c0d56cd15034f395874c870141870c25

Package: Rcpp
Source: CRAN
Version: 1.0.1
Hash: 390ed5b5da840cec3e6f5c90c6ab23f7

Package: SparseM
Source: CRAN
Version: 1.77
Hash: 08f1f60e1038957030bcd9f4a58d22d8

Package: askpass
Source: CRAN
Version: 1.1
Hash: 6f6c430e3cd0dd7d48f447700f4d7e7f
Requires: sys

Package: assertthat
Source: CRAN
Version: 0.2.1
Hash: 622be49032fe50bd42e96aaef613e209

Package: backports
Source: CRAN
Version: 1.1.5
Hash: 35ad64fcf2063e2a52031b0f1a59d8f0

Package: base64enc
Source: CRAN
Version: 0.1-3
Hash: c590d29e555926af053055e23ee79efb

Package: callr
Source: CRAN
Version: 3.3.2
Hash: 7661e5194cbbe511957b2fb621516c1b
Requires: R6, processx

Package: cli
Source: CRAN
Version: 1.1.0
Hash: bc4e54014c2049f2605ad0c3ba0cce6b
Requires: assertthat, crayon, fansi, glue

Package: colorspace
Source: CRAN
Version: 1.4-1
Hash: 60a56e9998b8b58ee378db3dc91b27a5

Package: crayon
Source: CRAN
Version: 1.3.4
Hash: ff2840dd9b0d563fc80377a5a45510cd

Package: crosstalk
Source: CRAN
Version: 1.0.0
Hash: c13adea5906fbe2becfcb5f843b26749
Requires: R6, ggplot2, htmltools, jsonlite, lazyeval, shiny

Package: curl
Source: CRAN
Version: 4.2
Hash: 3d7392b36f838a538683f98e580f35dd

Package: data.table
Source: CRAN
Version: 1.12.8
Hash: 283ad0e503ab521300c6d1d02e58d2ae

Package: desc
Source: CRAN
Version: 1.2.0
Hash: a0a3ca939997679a52816bae4ed6aaae
Requires: R6, assertthat, crayon, rprojroot

Package: digest
Source: CRAN
Version: 0.6.18
Hash: 65f62365ec69ddd17230d2ffe891a6ab

Package: dplyr
Source: CRAN
Version: 0.8.0.1
Hash: 279bc9d2c0a8fe12b20960280da9019a
Requires: BH, R6, Rcpp, assertthat, glue, magrittr, pkgconfig, plogr,
    rlang, tibble, tidyselect

Package: ellipsis
Source: CRAN
Version: 0.3.0
Hash: 30b58109e4d7c6184a9c2e32f9ae38c6
Requires: rlang

Package: evaluate
Source: CRAN
Version: 0.14
Hash: 18306cc3bc1aec7b7360eea8a0eb0ee1

Package: fansi
Source: CRAN
Version: 0.4.0
Hash: f147621f72b561485bfffcae78c4f5d5

Package: formattable
Source: CRAN
Version: 0.2.0.1
Hash: 64836860c4666eadc229c6e47fdd2261
Requires: htmltools, htmlwidgets, knitr, rmarkdown

Package: generics
Source: CRAN
Version: 0.0.2
Hash: 4aaf002dd434e8c854611c5d11a1d58e

Package: ggplot2
Source: CRAN
Version: 3.2.1
Hash: 7cf3f9df0089475f133ec23befca1032
Requires: digest, gtable, lazyeval, reshape2, rlang, scales, tibble,
    viridisLite, withr

Package: glue
Source: CRAN
Version: 1.3.1
Hash: 660bbbe3803c7cf7c9489a7d99a9c0ed

Package: gtable
Source: CRAN
Version: 0.3.0
Hash: a9e7b0666eb933a0cb36779240b4462e

Package: hexbin
Source: CRAN
Version: 1.28.0
Hash: cb783773009a64806fc1e308f3d35f94

Package: highr
Source: CRAN
Version: 0.8
Hash: 16aa2cc98d7b68c9d148c263c8dcdbcd

Package: htmltools
Source: CRAN
Version: 0.3.6
Hash: ca2f9fb001880f32b8b9b550ab3da404
Requires: Rcpp, digest

Package: htmlwidgets
Source: CRAN
Version: 1.5.1
Hash: 20e5cc02b795afc7322836c947b5aab2
Requires: htmltools, jsonlite, yaml

Package: httpuv
Source: CRAN
Version: 1.5.1
Hash: 35c0f0e03ba4061cd3b44c933ce46c2f
Requires: BH, R6, Rcpp, later, promises

Package: httr
Source: CRAN
Version: 1.4.1
Hash: cc16de93eaabd3c6d0785cb8e6d059ab
Requires: R6, curl, jsonlite, mime, openssl

Package: jsonlite
Source: CRAN
Version: 1.6
Hash: 5f969e213e966135393e3e304abf3f49

Package: knitr
Source: CRAN
Version: 1.25
Hash: c0b5316240a79d38f4785884b95a9609
Requires: evaluate, highr, markdown, stringr, xfun, yaml

Package: labeling
Source: CRAN
Version: 0.3
Hash: ecf589b42cd284b03a4beb9665482d3e

Package: later
Source: CRAN
Version: 0.8.0
Hash: 4f62a5a732aa2a6e860a2f511327a9bb
Requires: BH, Rcpp, rlang

Package: lazyeval
Source: CRAN
Version: 0.2.2
Hash: 563563691bea3cde6945a98996d7c166

Package: magrittr
Source: CRAN
Version: 1.5
Hash: bdc4d48c3135e8f3b399536ddf160df4

Package: markdown
Source: CRAN
Version: 1.1
Hash: 1b6a18fd395589425e338a47b999099f
Requires: mime, xfun

Package: mime
Source: CRAN
Version: 0.6
Hash: 2ed8f98b8284ad733f3907fc6e2f1334

Package: munsell
Source: CRAN
Version: 0.5.0
Hash: 38d0efee9bb99bef143bde41c4ce715c
Requires: colorspace

Package: openssl
Source: CRAN
Version: 1.4.1
Hash: b01fe6ae05ec2a30a777dc338af5bf69
Requires: askpass

Package: packrat
Source: CRAN
Version: 0.5.0
Hash: 498643e765d1442ba7b1160a1df3abf9

Package: pillar
Source: CRAN
Version: 1.3.1
Hash: 9ed4c2a5d3047bfba3e852ad5e806d91
Requires: cli, crayon, fansi, rlang, utf8

Package: pkgbuild
Source: CRAN
Version: 1.0.6
Hash: f41de345bf0dda984cce64a7ea668ea4
Requires: R6, crayon, withr, rprojroot, cli, prettyunits, desc, callr

Package: pkgconfig
Source: CRAN
Version: 2.0.2
Hash: b0fd6ed908e150b77e5f00c6478bd58c

Package: pkgload
Source: CRAN
Version: 1.0.2
Hash: 41eb2db35be61f6f9e8864cf87a1ecb0
Requires: rlang, rstudioapi, withr, rprojroot, desc, pkgbuild

Package: plogr
Source: CRAN
Version: 0.2.0
Hash: 81a8008a5e7858552503935f1abe48aa

Package: plotly
Source: CRAN
Version: 4.9.1
Hash: 66d49a48a15e4f8830b100973d9d79dd
Requires: RColorBrewer, base64enc, crosstalk, data.table, digest,
    dplyr, ggplot2, hexbin, htmltools, htmlwidgets, httr, jsonlite,
    lazyeval, magrittr, promises, purrr, rlang, scales, tibble, tidyr,
    viridisLite

Package: plyr
Source: CRAN
Version: 1.8.4
Hash: 17953ad5e34a454974b9e44c5a094649
Requires: Rcpp

Package: praise
Source: CRAN
Version: 1.0.0
Hash: 77da8f1df873a4b91e5c4a68fe2fb1b6

Package: prettyunits
Source: CRAN
Version: 1.0.2
Hash: 49286102a855640daaa38eafe8b1ec30
Requires: assertthat, magrittr

Package: processx
Source: CRAN
Version: 3.4.1
Hash: 5c1f432b290b26ccc2aaaa8ff1fd2f62
Requires: R6, ps

Package: promises
Source: CRAN
Version: 1.0.1
Hash: 18b7079366e7a27cdc57ce1523eea4f1
Requires: R6, Rcpp, later, magrittr, rlang

Package: ps
Source: CRAN
Version: 1.3.0
Hash: 1d4cae95887ffe5b1a22bea5994476cd

Package: purrr
Source: CRAN
Version: 0.3.2
Hash: d7bb7f62bb3af2d6510f50cb7190a060
Requires: magrittr, rlang

Package: quantreg
Source: CRAN
Version: 5.51
Hash: c033bb7d423f4a77834e64c21dfa1399
Requires: MatrixModels, SparseM

Package: reshape2
Source: CRAN
Version: 1.4.3
Hash: 07530ccc44ce1d2e5390d6ae41bafe03
Requires: Rcpp, plyr, stringr

Package: rlang
Source: CRAN
Version: 0.4.1
Hash: 686b7c4593f009713b9df03a2bb33124

Package: rmarkdown
Source: CRAN
Version: 1.16
Hash: 1f3014c40b12e8af0abf39fd78080237
Requires: base64enc, evaluate, htmltools, jsonlite, knitr, mime,
    stringr, tinytex, xfun, yaml

Package: rprojroot
Source: CRAN
Version: 1.3-2
Hash: a25c3f70c166fb3fbabc410eb32b6366
Requires: backports

Package: rsample
Source: CRAN
Version: 0.0.4
Hash: 86edf499d5726bc815e30103f8f62dac
Requires: dplyr, generics, purrr, rlang, tibble, tidyr

Package: rstudioapi
Source: CRAN
Version: 0.10
Hash: 63f43c6ff14d92e1d65ca6c21d45a1eb

Package: scales
Source: CRAN
Version: 1.0.0
Hash: 8b512f84c93a820d25221eaa1ca25ad8
Requires: R6, RColorBrewer, Rcpp, labeling, munsell, viridisLite

Package: shiny
Source: CRAN
Version: 1.3.2
Hash: a48cf01573400333efa51dc999ab6447
Requires: R6, crayon, digest, htmltools, httpuv, jsonlite, later, mime,
    promises, rlang, sourcetools, xtable

Package: shinyWidgets
Source: CRAN
Version: 0.4.9
Hash: b317a5a7da642e6962a6382eab79d803
Requires: htmltools, jsonlite, scales, shiny

Package: shinyjs
Source: CRAN
Version: 1.0
Hash: ea95f751025e50227a96100be35e970b
Requires: digest, htmltools, jsonlite, shiny

Package: sitar
Source: CRAN
Version: 1.1.1
Hash: 264926c0fb8739ce3e88afea083c7e81
Requires: dplyr, glue, purrr, quantreg, rlang, rsample, tibble, tidyr

Package: sourcetools
Source: CRAN
Version: 0.1.7
Hash: d093478ac90064e670cd4bf1a99b47b6

Package: stringi
Source: CRAN
Version: 1.4.3
Hash: ed2a82fc7cc668c1345223d938cdfaf2

Package: stringr
Source: CRAN
Version: 1.4.0
Hash: 67da32dbb2a7a16f2ef124336358e54a
Requires: glue, magrittr, stringi

Package: sys
Source: CRAN
Version: 3.3
Hash: d5a4afad9298f42aae77f6389713a066

Package: testthat
Source: CRAN
Version: 2.0.1
Hash: 777eb6e94f5a62bf6320fecf0175bbbb
Requires: R6, crayon, digest, evaluate, magrittr, praise, rlang, withr,
    cli, ellipsis, pkgload

Package: tibble
Source: CRAN
Version: 2.1.1
Hash: e9d844f966bd4d40556b50c3b2239646
Requires: cli, crayon, fansi, pillar, pkgconfig, rlang

Package: tidyr
Source: CRAN
Version: 0.8.3
Hash: ee9366de5bde3d6e6ef7554f02b16531
Requires: Rcpp, dplyr, glue, magrittr, purrr, rlang, stringi, tibble,
    tidyselect

Package: tidyselect
Source: CRAN
Version: 0.2.5
Hash: 5cbca8a84b427f46bea4ee5c6c7fe36e
Requires: Rcpp, glue, purrr, rlang

Package: tinytex
Source: CRAN
Version: 0.17
Hash: 9da7bd371440e0f6b3bbe26cda55e374
Requires: xfun

Package: utf8
Source: CRAN
Version: 1.1.4
Hash: f3f97ce59092abc8ed3fd098a59e236c

Package: uuid
Source: CRAN
Version: 0.1-2
Hash: 69acbbcf4dcff3a258f94de540214001

Package: viridisLite
Source: CRAN
Version: 0.3.0
Hash: 78bb072c4f9e729a283d4c40ec93f9c6

Package: withr
Source: CRAN
Version: 2.1.2
Hash: d534108bcd5f34ec73e9eb523751ba20

Package: xfun
Source: CRAN
Version: 0.10
Hash: 83f0de50249d263dfbce9b3aa6d3109a

Package: xtable
Source: CRAN
Version: 1.8-4
Hash: dc0d47261b678d26032363bebd050540

Package: yaml
Source: CRAN
Version: 2.2.0
Hash: a5ad5616d83d89f8d84cbf3cf4034e13
